
Microsoft Visual Studio Solution File, Format Version 12.00
# Visual Studio 14
VisualStudioVersion = 14.0.22512.0
MinimumVisualStudioVersion = 10.0.40219.1
Project("{FAE04EC0-301F-11D3-BF4B-00C04F79EFBC}") = "Domain", "Domain\Domain.csproj", "{F46272ED-71D9-4C82-8207-2C6F5C8DFBDD}"
EndProject
Project("{FAE04EC0-301F-11D3-BF4B-00C04F79EFBC}") = "Web", "Website\Web.csproj", "{8175C8C7-C5D8-4AD5-9380-F46DEE5DF36A}"
EndProject
Project("{FAE04EC0-301F-11D3-BF4B-00C04F79EFBC}") = "Application", "Application\Application.csproj", "{F48B4BE6-FD7E-477F-B796-864958C377F5}"
EndProject
Project("{FAE04EC0-301F-11D3-BF4B-00C04F79EFBC}") = "Application.Tests", "Application.Tests\Application.Tests.csproj", "{AC1F0231-8814-4EE7-A3D7-7605A3711115}"
EndProject
Project("{FAE04EC0-301F-11D3-BF4B-00C04F79EFBC}") = "Domain.Services", "Domain.Services\Domain.Services.csproj", "{226D049B-2347-486B-AB48-3D59487602EF}"
EndProject
Project("{FAE04EC0-301F-11D3-BF4B-00C04F79EFBC}") = "Repositories", "Repositories\Repositories.csproj", "{7308BC3F-B2AF-4D65-8FEA-448865FCDE81}"
EndProject
Project("{FAE04EC0-301F-11D3-BF4B-00C04F79EFBC}") = "Tasks.Bounce", "Tasks.Bounce\Tasks.Bounce.csproj", "{44BEDFFD-EF14-4548-92EA-F0448C3CEB06}"
EndProject
Project("{FAE04EC0-301F-11D3-BF4B-00C04F79EFBC}") = "Fixtures", "Fixtures\Fixtures.csproj", "{49C8A8C5-96BF-4EC3-A67E-320765E24A4D}"
EndProject
Global
	GlobalSection(SolutionConfigurationPlatforms) = preSolution
		Debug|Any CPU = Debug|Any CPU
		Release|Any CPU = Release|Any CPU
	EndGlobalSection
	GlobalSection(ProjectConfigurationPlatforms) = postSolution
		{F46272ED-71D9-4C82-8207-2C6F5C8DFBDD}.Debug|Any CPU.ActiveCfg = Debug|Any CPU
		{F46272ED-71D9-4C82-8207-2C6F5C8DFBDD}.Debug|Any CPU.Build.0 = Debug|Any CPU
		{F46272ED-71D9-4C82-8207-2C6F5C8DFBDD}.Release|Any CPU.ActiveCfg = Release|Any CPU
		{F46272ED-71D9-4C82-8207-2C6F5C8DFBDD}.Release|Any CPU.Build.0 = Release|Any CPU
		{8175C8C7-C5D8-4AD5-9380-F46DEE5DF36A}.Debug|Any CPU.ActiveCfg = Debug|Any CPU
		{8175C8C7-C5D8-4AD5-9380-F46DEE5DF36A}.Debug|Any CPU.Build.0 = Debug|Any CPU
		{8175C8C7-C5D8-4AD5-9380-F46DEE5DF36A}.Release|Any CPU.ActiveCfg = Release|Any CPU
		{8175C8C7-C5D8-4AD5-9380-F46DEE5DF36A}.Release|Any CPU.Build.0 = Release|Any CPU
		{F48B4BE6-FD7E-477F-B796-864958C377F5}.Debug|Any CPU.ActiveCfg = Debug|Any CPU
		{F48B4BE6-FD7E-477F-B796-864958C377F5}.Debug|Any CPU.Build.0 = Debug|Any CPU
		{F48B4BE6-FD7E-477F-B796-864958C377F5}.Release|Any CPU.ActiveCfg = Release|Any CPU
		{F48B4BE6-FD7E-477F-B796-864958C377F5}.Release|Any CPU.Build.0 = Release|Any CPU
		{AC1F0231-8814-4EE7-A3D7-7605A3711115}.Debug|Any CPU.ActiveCfg = Debug|Any CPU
		{AC1F0231-8814-4EE7-A3D7-7605A3711115}.Debug|Any CPU.Build.0 = Debug|Any CPU
		{AC1F0231-8814-4EE7-A3D7-7605A3711115}.Release|Any CPU.ActiveCfg = Release|Any CPU
		{AC1F0231-8814-4EE7-A3D7-7605A3711115}.Release|Any CPU.Build.0 = Release|Any CPU
		{226D049B-2347-486B-AB48-3D59487602EF}.Debug|Any CPU.ActiveCfg = Debug|Any CPU
		{226D049B-2347-486B-AB48-3D59487602EF}.Debug|Any CPU.Build.0 = Debug|Any CPU
		{226D049B-2347-486B-AB48-3D59487602EF}.Release|Any CPU.ActiveCfg = Release|Any CPU
		{226D049B-2347-486B-AB48-3D59487602EF}.Release|Any CPU.Build.0 = Release|Any CPU
		{7308BC3F-B2AF-4D65-8FEA-448865FCDE81}.Debug|Any CPU.ActiveCfg = Debug|Any CPU
		{7308BC3F-B2AF-4D65-8FEA-448865FCDE81}.Debug|Any CPU.Build.0 = Debug|Any CPU
		{7308BC3F-B2AF-4D65-8FEA-448865FCDE81}.Release|Any CPU.ActiveCfg = Release|Any CPU
		{7308BC3F-B2AF-4D65-8FEA-448865FCDE81}.Release|Any CPU.Build.0 = Release|Any CPU
		{44BEDFFD-EF14-4548-92EA-F0448C3CEB06}.Debug|Any CPU.ActiveCfg = Debug|Any CPU
		{44BEDFFD-EF14-4548-92EA-F0448C3CEB06}.Debug|Any CPU.Build.0 = Debug|Any CPU
		{44BEDFFD-EF14-4548-92EA-F0448C3CEB06}.Release|Any CPU.ActiveCfg = Release|Any CPU
		{44BEDFFD-EF14-4548-92EA-F0448C3CEB06}.Release|Any CPU.Build.0 = Release|Any CPU
		{49C8A8C5-96BF-4EC3-A67E-320765E24A4D}.Debug|Any CPU.ActiveCfg = Debug|Any CPU
		{49C8A8C5-96BF-4EC3-A67E-320765E24A4D}.Debug|Any CPU.Build.0 = Debug|Any CPU
		{49C8A8C5-96BF-4EC3-A67E-320765E24A4D}.Release|Any CPU.ActiveCfg = Release|Any CPU
		{49C8A8C5-96BF-4EC3-A67E-320765E24A4D}.Release|Any CPU.Build.0 = Release|Any CPU
	EndGlobalSection
	GlobalSection(SolutionProperties) = preSolution
		HideSolutionNode = FALSE
	EndGlobalSection
EndGlobal
